// !$*UTF8*$!
{
	archiveVersion = 1;
	classes = {
	};
	objectVersion = 50;
	objects = {

/* Begin PBXBuildFile section */
		30E4EA02221F71EA00E50292 /* AppDelegate.swift in Sources */ = {isa = PBXBuildFile; fileRef = 30E4EA01221F71EA00E50292 /* AppDelegate.swift */; };
		30E4EA04221F71EA00E50292 /* GameScene.sks in Resources */ = {isa = PBXBuildFile; fileRef = 30E4EA03221F71EA00E50292 /* GameScene.sks */; };
		30E4EA06221F71EA00E50292 /* Actions.sks in Resources */ = {isa = PBXBuildFile; fileRef = 30E4EA05221F71EA00E50292 /* Actions.sks */; };
		30E4EA08221F71EA00E50292 /* GameScene.swift in Sources */ = {isa = PBXBuildFile; fileRef = 30E4EA07221F71EA00E50292 /* GameScene.swift */; };
		30E4EA0A221F71EA00E50292 /* GameViewController.swift in Sources */ = {isa = PBXBuildFile; fileRef = 30E4EA09221F71EA00E50292 /* GameViewController.swift */; };
		30E4EA0D221F71EA00E50292 /* Main.storyboard in Resources */ = {isa = PBXBuildFile; fileRef = 30E4EA0B221F71EA00E50292 /* Main.storyboard */; };
		30E4EA0F221F71EB00E50292 /* Assets.xcassets in Resources */ = {isa = PBXBuildFile; fileRef = 30E4EA0E221F71EB00E50292 /* Assets.xcassets */; };
		30E4EA12221F71EB00E50292 /* LaunchScreen.storyboard in Resources */ = {isa = PBXBuildFile; fileRef = 30E4EA10221F71EB00E50292 /* LaunchScreen.storyboard */; };
		30E4EA1D221F71EB00E50292 /* MAPDTestTests.swift in Sources */ = {isa = PBXBuildFile; fileRef = 30E4EA1C221F71EB00E50292 /* MAPDTestTests.swift */; };
		30E4EA28221F71EC00E50292 /* MAPDTestUITests.swift in Sources */ = {isa = PBXBuildFile; fileRef = 30E4EA27221F71EC00E50292 /* MAPDTestUITests.swift */; };
		30E4EA37221F733700E50292 /* win.wav in Resources */ = {isa = PBXBuildFile; fileRef = 30E4EA35221F733600E50292 /* win.wav */; };
		30E4EA38221F733700E50292 /* spin.wav in Resources */ = {isa = PBXBuildFile; fileRef = 30E4EA36221F733700E50292 /* spin.wav */; };
		30E4EA3B221F74FA00E50292 /* background.swift in Sources */ = {isa = PBXBuildFile; fileRef = 30E4EA3A221F74FA00E50292 /* background.swift */; };
		30E4EA3D221F756500E50292 /* GameObject.swift in Sources */ = {isa = PBXBuildFile; fileRef = 30E4EA3C221F756500E50292 /* GameObject.swift */; };
		30E4EA3F221F764600E50292 /* GameProtocol.swift in Sources */ = {isa = PBXBuildFile; fileRef = 30E4EA3E221F764600E50292 /* GameProtocol.swift */; };
		30E4EA41221F7DD700E50292 /* spinhandle.swift in Sources */ = {isa = PBXBuildFile; fileRef = 30E4EA40221F7DD700E50292 /* spinhandle.swift */; };
/* End PBXBuildFile section */

/* Begin PBXContainerItemProxy section */
		30E4EA19221F71EB00E50292 /* PBXContainerItemProxy */ = {
			isa = PBXContainerItemProxy;
			containerPortal = 30E4E9F6221F71EA00E50292 /* Project object */;
			proxyType = 1;
			remoteGlobalIDString = 30E4E9FD221F71EA00E50292;
			remoteInfo = MAPDTest;
		};
		30E4EA24221F71EC00E50292 /* PBXContainerItemProxy */ = {
			isa = PBXContainerItemProxy;
			containerPortal = 30E4E9F6221F71EA00E50292 /* Project object */;
			proxyType = 1;
			remoteGlobalIDString = 30E4E9FD221F71EA00E50292;
			remoteInfo = MAPDTest;
		};
/* End PBXContainerItemProxy section */

/* Begin PBXFileReference section */
		30E4E9FE221F71EA00E50292 /* MAPDTest.app */ = {isa = PBXFileReference; explicitFileType = wrapper.application; includeInIndex = 0; path = MAPDTest.app; sourceTree = BUILT_PRODUCTS_DIR; };
		30E4EA01221F71EA00E50292 /* AppDelegate.swift */ = {isa = PBXFileReference; lastKnownFileType = sourcecode.swift; path = AppDelegate.swift; sourceTree = "<group>"; };
		30E4EA03221F71EA00E50292 /* GameScene.sks */ = {isa = PBXFileReference; lastKnownFileType = file.sks; path = GameScene.sks; sourceTree = "<group>"; };
		30E4EA05221F71EA00E50292 /* Actions.sks */ = {isa = PBXFileReference; lastKnownFileType = file.sks; path = Actions.sks; sourceTree = "<group>"; };
		30E4EA07221F71EA00E50292 /* GameScene.swift */ = {isa = PBXFileReference; lastKnownFileType = sourcecode.swift; path = GameScene.swift; sourceTree = "<group>"; };
		30E4EA09221F71EA00E50292 /* GameViewController.swift */ = {isa = PBXFileReference; lastKnownFileType = sourcecode.swift; path = GameViewController.swift; sourceTree = "<group>"; };
		30E4EA0C221F71EA00E50292 /* Base */ = {isa = PBXFileReference; lastKnownFileType = file.storyboard; name = Base; path = Base.lproj/Main.storyboard; sourceTree = "<group>"; };
		30E4EA0E221F71EB00E50292 /* Assets.xcassets */ = {isa = PBXFileReference; lastKnownFileType = folder.assetcatalog; path = Assets.xcassets; sourceTree = "<group>"; };
		30E4EA11221F71EB00E50292 /* Base */ = {isa = PBXFileReference; lastKnownFileType = file.storyboard; name = Base; path = Base.lproj/LaunchScreen.storyboard; sourceTree = "<group>"; };
		30E4EA13221F71EB00E50292 /* Info.plist */ = {isa = PBXFileReference; lastKnownFileType = text.plist.xml; path = Info.plist; sourceTree = "<group>"; };
		30E4EA18221F71EB00E50292 /* MAPDTestTests.xctest */ = {isa = PBXFileReference; explicitFileType = wrapper.cfbundle; includeInIndex = 0; path = MAPDTestTests.xctest; sourceTree = BUILT_PRODUCTS_DIR; };
		30E4EA1C221F71EB00E50292 /* MAPDTestTests.swift */ = {isa = PBXFileReference; lastKnownFileType = sourcecode.swift; path = MAPDTestTests.swift; sourceTree = "<group>"; };
		30E4EA1E221F71EB00E50292 /* Info.plist */ = {isa = PBXFileReference; lastKnownFileType = text.plist.xml; path = Info.plist; sourceTree = "<group>"; };
		30E4EA23221F71EC00E50292 /* MAPDTestUITests.xctest */ = {isa = PBXFileReference; explicitFileType = wrapper.cfbundle; includeInIndex = 0; path = MAPDTestUITests.xctest; sourceTree = BUILT_PRODUCTS_DIR; };
		30E4EA27221F71EC00E50292 /* MAPDTestUITests.swift */ = {isa = PBXFileReference; lastKnownFileType = sourcecode.swift; path = MAPDTestUITests.swift; sourceTree = "<group>"; };
		30E4EA29221F71EC00E50292 /* Info.plist */ = {isa = PBXFileReference; lastKnownFileType = text.plist.xml; path = Info.plist; sourceTree = "<group>"; };
		30E4EA35221F733600E50292 /* win.wav */ = {isa = PBXFileReference; lastKnownFileType = audio.wav; name = win.wav; path = ../../../../Downloads/SlotMachine/SlotMachine/win.wav; sourceTree = "<group>"; };
		30E4EA36221F733700E50292 /* spin.wav */ = {isa = PBXFileReference; lastKnownFileType = audio.wav; name = spin.wav; path = ../../../../Downloads/SlotMachine/SlotMachine/spin.wav; sourceTree = "<group>"; };
		30E4EA3A221F74FA00E50292 /* background.swift */ = {isa = PBXFileReference; lastKnownFileType = sourcecode.swift; path = background.swift; sourceTree = "<group>"; };
		30E4EA3C221F756500E50292 /* GameObject.swift */ = {isa = PBXFileReference; lastKnownFileType = sourcecode.swift; path = GameObject.swift; sourceTree = "<group>"; };
		30E4EA3E221F764600E50292 /* GameProtocol.swift */ = {isa = PBXFileReference; lastKnownFileType = sourcecode.swift; path = GameProtocol.swift; sourceTree = "<group>"; };
		30E4EA40221F7DD700E50292 /* spinhandle.swift */ = {isa = PBXFileReference; lastKnownFileType = sourcecode.swift; path = spinhandle.swift; sourceTree = "<group>"; };
/* End PBXFileReference section */

/* Begin PBXFrameworksBuildPhase section */
		30E4E9FB221F71EA00E50292 /* Frameworks */ = {
			isa = PBXFrameworksBuildPhase;
			buildActionMask = 2147483647;
			files = (
			);
			runOnlyForDeploymentPostprocessing = 0;
		};
		30E4EA15221F71EB00E50292 /* Frameworks */ = {
			isa = PBXFrameworksBuildPhase;
			buildActionMask = 2147483647;
			files = (
			);
			runOnlyForDeploymentPostprocessing = 0;
		};
		30E4EA20221F71EC00E50292 /* Frameworks */ = {
			isa = PBXFrameworksBuildPhase;
			buildActionMask = 2147483647;
			files = (
			);
			runOnlyForDeploymentPostprocessing = 0;
		};
/* End PBXFrameworksBuildPhase section */

/* Begin PBXGroup section */
		30E4E9F5221F71EA00E50292 = {
			isa = PBXGroup;
			children = (
				30E4EA39221F749D00E50292 /* Objects */,
				30E4EA00221F71EA00E50292 /* MAPDTest */,
				30E4EA1B221F71EB00E50292 /* MAPDTestTests */,
				30E4EA26221F71EC00E50292 /* MAPDTestUITests */,
				30E4E9FF221F71EA00E50292 /* Products */,
			);
			sourceTree = "<group>";
		};
		30E4E9FF221F71EA00E50292 /* Products */ = {
			isa = PBXGroup;
			children = (
				30E4E9FE221F71EA00E50292 /* MAPDTest.app */,
				30E4EA18221F71EB00E50292 /* MAPDTestTests.xctest */,
				30E4EA23221F71EC00E50292 /* MAPDTestUITests.xctest */,
			);
			name = Products;
			sourceTree = "<group>";
		};
		30E4EA00221F71EA00E50292 /* MAPDTest */ = {
			isa = PBXGroup;
			children = (
				30E4EA01221F71EA00E50292 /* AppDelegate.swift */,
				30E4EA03221F71EA00E50292 /* GameScene.sks */,
				30E4EA05221F71EA00E50292 /* Actions.sks */,
				30E4EA07221F71EA00E50292 /* GameScene.swift */,
				30E4EA09221F71EA00E50292 /* GameViewController.swift */,
				30E4EA0B221F71EA00E50292 /* Main.storyboard */,
				30E4EA0E221F71EB00E50292 /* Assets.xcassets */,
				30E4EA36221F733700E50292 /* spin.wav */,
				30E4EA35221F733600E50292 /* win.wav */,
				30E4EA10221F71EB00E50292 /* LaunchScreen.storyboard */,
				30E4EA13221F71EB00E50292 /* Info.plist */,
			);
			path = MAPDTest;
			sourceTree = "<group>";
		};
		30E4EA1B221F71EB00E50292 /* MAPDTestTests */ = {
			isa = PBXGroup;
			children = (
				30E4EA1C221F71EB00E50292 /* MAPDTestTests.swift */,
				30E4EA1E221F71EB00E50292 /* Info.plist */,
			);
			path = MAPDTestTests;
			sourceTree = "<group>";
		};
		30E4EA26221F71EC00E50292 /* MAPDTestUITests */ = {
			isa = PBXGroup;
			children = (
				30E4EA27221F71EC00E50292 /* MAPDTestUITests.swift */,
				30E4EA29221F71EC00E50292 /* Info.plist */,
			);
			path = MAPDTestUITests;
			sourceTree = "<group>";
		};
		30E4EA39221F749D00E50292 /* Objects */ = {
			isa = PBXGroup;
			children = (
				30E4EA3A221F74FA00E50292 /* background.swift */,
				30E4EA3C221F756500E50292 /* GameObject.swift */,
				30E4EA3E221F764600E50292 /* GameProtocol.swift */,
				30E4EA40221F7DD700E50292 /* spinhandle.swift */,
			);
			path = Objects;
			sourceTree = "<group>";
		};
/* End PBXGroup section */

/* Begin PBXNativeTarget section */
		30E4E9FD221F71EA00E50292 /* MAPDTest */ = {
			isa = PBXNativeTarget;
			buildConfigurationList = 30E4EA2C221F71EC00E50292 /* Build configuration list for PBXNativeTarget "MAPDTest" */;
			buildPhases = (
				30E4E9FA221F71EA00E50292 /* Sources */,
				30E4E9FB221F71EA00E50292 /* Frameworks */,
				30E4E9FC221F71EA00E50292 /* Resources */,
			);
			buildRules = (
			);
			dependencies = (
			);
			name = MAPDTest;
			productName = MAPDTest;
			productReference = 30E4E9FE221F71EA00E50292 /* MAPDTest.app */;
			productType = "com.apple.product-type.application";
		};
		30E4EA17221F71EB00E50292 /* MAPDTestTests */ = {
			isa = PBXNativeTarget;
			buildConfigurationList = 30E4EA2F221F71EC00E50292 /* Build configuration list for PBXNativeTarget "MAPDTestTests" */;
			buildPhases = (
				30E4EA14221F71EB00E50292 /* Sources */,
				30E4EA15221F71EB00E50292 /* Frameworks */,
				30E4EA16221F71EB00E50292 /* Resources */,
			);
			buildRules = (
			);
			dependencies = (
				30E4EA1A221F71EB00E50292 /* PBXTargetDependency */,
			);
			name = MAPDTestTests;
			productName = MAPDTestTests;
			productReference = 30E4EA18221F71EB00E50292 /* MAPDTestTests.xctest */;
			productType = "com.apple.product-type.bundle.unit-test";
		};
		30E4EA22221F71EC00E50292 /* MAPDTestUITests */ = {
			isa = PBXNativeTarget;
			buildConfigurationList = 30E4EA32221F71EC00E50292 /* Build configuration list for PBXNativeTarget "MAPDTestUITests" */;
			buildPhases = (
				30E4EA1F221F71EC00E50292 /* Sources */,
				30E4EA20221F71EC00E50292 /* Frameworks */,
				30E4EA21221F71EC00E50292 /* Resources */,
			);
			buildRules = (
			);
			dependencies = (
				30E4EA25221F71EC00E50292 /* PBXTargetDependency */,
			);
			name = MAPDTestUITests;
			productName = MAPDTestUITests;
			productReference = 30E4EA23221F71EC00E50292 /* MAPDTestUITests.xctest */;
			productType = "com.apple.product-type.bundle.ui-testing";
		};
/* End PBXNativeTarget section */

/* Begin PBXProject section */
		30E4E9F6221F71EA00E50292 /* Project object */ = {
			isa = PBXProject;
			attributes = {
				LastSwiftUpdateCheck = 1010;
				LastUpgradeCheck = 1010;
				ORGANIZATIONNAME = "Centennial College";
				TargetAttributes = {
					30E4E9FD221F71EA00E50292 = {
						CreatedOnToolsVersion = 10.1;
					};
					30E4EA17221F71EB00E50292 = {
						CreatedOnToolsVersion = 10.1;
						TestTargetID = 30E4E9FD221F71EA00E50292;
					};
					30E4EA22221F71EC00E50292 = {
						CreatedOnToolsVersion = 10.1;
						TestTargetID = 30E4E9FD221F71EA00E50292;
					};
				};
			};
			buildConfigurationList = 30E4E9F9221F71EA00E50292 /* Build configuration list for PBXProject "MAPDTest" */;
			compatibilityVersion = "Xcode 9.3";
			developmentRegion = en;
			hasScannedForEncodings = 0;
			knownRegions = (
				en,
				Base,
			);
			mainGroup = 30E4E9F5221F71EA00E50292;
			productRefGroup = 30E4E9FF221F71EA00E50292 /* Products */;
			projectDirPath = "";
			projectRoot = "";
			targets = (
				30E4E9FD221F71EA00E50292 /* MAPDTest */,
				30E4EA17221F71EB00E50292 /* MAPDTestTests */,
				30E4EA22221F71EC00E50292 /* MAPDTestUITests */,
			);
		};
/* End PBXProject section */

/* Begin PBXResourcesBuildPhase section */
		30E4E9FC221F71EA00E50292 /* Resources */ = {
			isa = PBXResourcesBuildPhase;
			buildActionMask = 2147483647;
			files = (
				30E4EA0D221F71EA00E50292 /* Main.storyboard in Resources */,
				30E4EA04221F71EA00E50292 /* GameScene.sks in Resources */,
				30E4EA38221F733700E50292 /* spin.wav in Resources */,
				30E4EA0F221F71EB00E50292 /* Assets.xcassets in Resources */,
				30E4EA37221F733700E50292 /* win.wav in Resources */,
				30E4EA12221F71EB00E50292 /* LaunchScreen.storyboard in Resources */,
				30E4EA06221F71EA00E50292 /* Actions.sks in Resources */,
			);
			runOnlyForDeploymentPostprocessing = 0;
		};
		30E4EA16221F71EB00E50292 /* Resources */ = {
			isa = PBXResourcesBuildPhase;
			buildActionMask = 2147483647;
			files = (
			);
			runOnlyForDeploymentPostprocessing = 0;
		};
		30E4EA21221F71EC00E50292 /* Resources */ = {
			isa = PBXResourcesBuildPhase;
			buildActionMask = 2147483647;
			files = (
			);
			runOnlyForDeploymentPostprocessing = 0;
		};
/* End PBXResourcesBuildPhase section */

/* Begin PBXSourcesBuildPhase section */
		30E4E9FA221F71EA00E50292 /* Sources */ = {
			isa = PBXSourcesBuildPhase;
			buildActionMask = 2147483647;
			files = (
				30E4EA08221F71EA00E50292 /* GameScene.swift in Sources */,
				30E4EA41221F7DD700E50292 /* spinhandle.swift in Sources */,
				30E4EA0A221F71EA00E50292 /* GameViewController.swift in Sources */,
				30E4EA02221F71EA00E50292 /* AppDelegate.swift in Sources */,
				30E4EA3B221F74FA00E50292 /* background.swift in Sources */,
				30E4EA3D221F756500E50292 /* GameObject.swift in Sources */,
				30E4EA3F221F764600E50292 /* GameProtocol.swift in Sources */,
			);
			runOnlyForDeploymentPostprocessing = 0;
		};
		30E4EA14221F71EB00E50292 /* Sources */ = {
			isa = PBXSourcesBuildPhase;
			buildActionMask = 2147483647;
			files = (
				30E4EA1D221F71EB00E50292 /* MAPDTestTests.swift in Sources */,
			);
			runOnlyForDeploymentPostprocessing = 0;
		};
		30E4EA1F221F71EC00E50292 /* Sources */ = {
			isa = PBXSourcesBuildPhase;
			buildActionMask = 2147483647;
			files = (
				30E4EA28221F71EC00E50292 /* MAPDTestUITests.swift in Sources */,
			);
			runOnlyForDeploymentPostprocessing = 0;
		};
/* End PBXSourcesBuildPhase section */

/* Begin PBXTargetDependency section */
		30E4EA1A221F71EB00E50292 /* PBXTargetDependency */ = {
			isa = PBXTargetDependency;
			target = 30E4E9FD221F71EA00E50292 /* MAPDTest */;
			targetProxy = 30E4EA19221F71EB00E50292 /* PBXContainerItemProxy */;
		};
		30E4EA25221F71EC00E50292 /* PBXTargetDependency */ = {
			isa = PBXTargetDependency;
			target = 30E4E9FD221F71EA00E50292 /* MAPDTest */;
			targetProxy = 30E4EA24221F71EC00E50292 /* PBXContainerItemProxy */;
		};
/* End PBXTargetDependency section */

/* Begin PBXVariantGroup section */
		30E4EA0B221F71EA00E50292 /* Main.storyboard */ = {
			isa = PBXVariantGroup;
			children = (
				30E4EA0C221F71EA00E50292 /* Base */,
			);
			name = Main.storyboard;
			sourceTree = "<group>";
		};
		30E4EA10221F71EB00E50292 /* LaunchScreen.storyboard */ = {
			isa = PBXVariantGroup;
			children = (
				30E4EA11221F71EB00E50292 /* Base */,
			);
			name = LaunchScreen.storyboard;
			sourceTree = "<group>";
		};
/* End PBXVariantGroup section */

/* Begin XCBuildConfiguration section */
		30E4EA2A221F71EC00E50292 /* Debug */ = {
			isa = XCBuildConfiguration;
			buildSettings = {
				ALWAYS_SEARCH_USER_PATHS = NO;
				CLANG_ANALYZER_NONNULL = YES;
				CLANG_ANALYZER_NUMBER_OBJECT_CONVERSION = YES_AGGRESSIVE;
				CLANG_CXX_LANGUAGE_STANDARD = "gnu++14";
				CLANG_CXX_LIBRARY = "libc++";
				CLANG_ENABLE_MODULES = YES;
				CLANG_ENABLE_OBJC_ARC = YES;
				CLANG_ENABLE_OBJC_WEAK = YES;
				CLANG_WARN_BLOCK_CAPTURE_AUTORELEASING = YES;
				CLANG_WARN_BOOL_CONVERSION = YES;
				CLANG_WARN_COMMA = YES;
				CLANG_WARN_CONSTANT_CONVERSION = YES;
				CLANG_WARN_DEPRECATED_OBJC_IMPLEMENTATIONS = YES;
				CLANG_WARN_DIRECT_OBJC_ISA_USAGE = YES_ERROR;
				CLANG_WARN_DOCUMENTATION_COMMENTS = YES;
				CLANG_WARN_EMPTY_BODY = YES;
				CLANG_WARN_ENUM_CONVERSION = YES;
				CLANG_WARN_INFINITE_RECURSION = YES;
				CLANG_WARN_INT_CONVERSION = YES;
				CLANG_WARN_NON_LITERAL_NULL_CONVERSION = YES;
				CLANG_WARN_OBJC_IMPLICIT_RETAIN_SELF = YES;
				CLANG_WARN_OBJC_LITERAL_CONVERSION = YES;
				CLANG_WARN_OBJC_ROOT_CLASS = YES_ERROR;
				CLANG_WARN_RANGE_LOOP_ANALYSIS = YES;
				CLANG_WARN_STRICT_PROTOTYPES = YES;
				CLANG_WARN_SUSPICIOUS_MOVE = YES;
				CLANG_WARN_UNGUARDED_AVAILABILITY = YES_AGGRESSIVE;
				CLANG_WARN_UNREACHABLE_CODE = YES;
				CLANG_WARN__DUPLICATE_METHOD_MATCH = YES;
				CODE_SIGN_IDENTITY = "iPhone Developer";
				COPY_PHASE_STRIP = NO;
				DEBUG_INFORMATION_FORMAT = dwarf;
				ENABLE_STRICT_OBJC_MSGSEND = YES;
				ENABLE_TESTABILITY = YES;
				GCC_C_LANGUAGE_STANDARD = gnu11;
				GCC_DYNAMIC_NO_PIC = NO;
				GCC_NO_COMMON_BLOCKS = YES;
				GCC_OPTIMIZATION_LEVEL = 0;
				GCC_PREPROCESSOR_DEFINITIONS = (
					"DEBUG=1",
					"$(inherited)",
				);
				GCC_WARN_64_TO_32_BIT_CONVERSION = YES;
				GCC_WARN_ABOUT_RETURN_TYPE = YES_ERROR;
				GCC_WARN_UNDECLARED_SELECTOR = YES;
				GCC_WARN_UNINITIALIZED_AUTOS = YES_AGGRESSIVE;
				GCC_WARN_UNUSED_FUNCTION = YES;
				GCC_WARN_UNUSED_VARIABLE = YES;
				IPHONEOS_DEPLOYMENT_TARGET = 12.1;
				MTL_ENABLE_DEBUG_INFO = INCLUDE_SOURCE;
				MTL_FAST_MATH = YES;
				ONLY_ACTIVE_ARCH = YES;
				SDKROOT = iphoneos;
				SWIFT_ACTIVE_COMPILATION_CONDITIONS = DEBUG;
				SWIFT_OPTIMIZATION_LEVEL = "-Onone";
			};
			name = Debug;
		};
		30E4EA2B221F71EC00E50292 /* Release */ = {
			isa = XCBuildConfiguration;
			buildSettings = {
				ALWAYS_SEARCH_USER_PATHS = NO;
				CLANG_ANALYZER_NONNULL = YES;
				CLANG_ANALYZER_NUMBER_OBJECT_CONVERSION = YES_AGGRESSIVE;
				CLANG_CXX_LANGUAGE_STANDARD = "gnu++14";
				CLANG_CXX_LIBRARY = "libc++";
				CLANG_ENABLE_MODULES = YES;
				CLANG_ENABLE_OBJC_ARC = YES;
				CLANG_ENABLE_OBJC_WEAK = YES;
				CLANG_WARN_BLOCK_CAPTURE_AUTORELEASING = YES;
				CLANG_WARN_BOOL_CONVERSION = YES;
				CLANG_WARN_COMMA = YES;
				CLANG_WARN_CONSTANT_CONVERSION = YES;
				CLANG_WARN_DEPRECATED_OBJC_IMPLEMENTATIONS = YES;
				CLANG_WARN_DIRECT_OBJC_ISA_USAGE = YES_ERROR;
				CLANG_WARN_DOCUMENTATION_COMMENTS = YES;
				CLANG_WARN_EMPTY_BODY = YES;
				CLANG_WARN_ENUM_CONVERSION = YES;
				CLANG_WARN_INFINITE_RECURSION = YES;
				CLANG_WARN_INT_CONVERSION = YES;
				CLANG_WARN_NON_LITERAL_NULL_CONVERSION = YES;
				CLANG_WARN_OBJC_IMPLICIT_RETAIN_SELF = YES;
				CLANG_WARN_OBJC_LITERAL_CONVERSION = YES;
				CLANG_WARN_OBJC_ROOT_CLASS = YES_ERROR;
				CLANG_WARN_RANGE_LOOP_ANALYSIS = YES;
				CLANG_WARN_STRICT_PROTOTYPES = YES;
				CLANG_WARN_SUSPICIOUS_MOVE = YES;
				CLANG_WARN_UNGUARDED_AVAILABILITY = YES_AGGRESSIVE;
				CLANG_WARN_UNREACHABLE_CODE = YES;
				CLANG_WARN__DUPLICATE_METHOD_MATCH = YES;
				CODE_SIGN_IDENTITY = "iPhone Developer";
				COPY_PHASE_STRIP = NO;
				DEBUG_INFORMATION_FORMAT = "dwarf-with-dsym";
				ENABLE_NS_ASSERTIONS = NO;
				ENABLE_STRICT_OBJC_MSGSEND = YES;
				GCC_C_LANGUAGE_STANDARD = gnu11;
				GCC_NO_COMMON_BLOCKS = YES;
				GCC_WARN_64_TO_32_BIT_CONVERSION = YES;
				GCC_WARN_ABOUT_RETURN_TYPE = YES_ERROR;
				GCC_WARN_UNDECLARED_SELECTOR = YES;
				GCC_WARN_UNINITIALIZED_AUTOS = YES_AGGRESSIVE;
				GCC_WARN_UNUSED_FUNCTION = YES;
				GCC_WARN_UNUSED_VARIABLE = YES;
				IPHONEOS_DEPLOYMENT_TARGET = 12.1;
				MTL_ENABLE_DEBUG_INFO = NO;
				MTL_FAST_MATH = YES;
				SDKROOT = iphoneos;
				SWIFT_COMPILATION_MODE = wholemodule;
				SWIFT_OPTIMIZATION_LEVEL = "-O";
				VALIDATE_PRODUCT = YES;
			};
			name = Release;
		};
		30E4EA2D221F71EC00E50292 /* Debug */ = {
			isa = XCBuildConfiguration;
			buildSettings = {
				ASSETCATALOG_COMPILER_APPICON_NAME = AppIcon;
				CODE_SIGN_STYLE = Automatic;
				DEVELOPMENT_TEAM = 2BULHRS882;
				INFOPLIST_FILE = MAPDTest/Info.plist;
				LD_RUNPATH_SEARCH_PATHS = (
					"$(inherited)",
					"@executable_path/Frameworks",
				);
				PRODUCT_BUNDLE_IDENTIFIER = CentennialCollege.MAPDTest;
				PRODUCT_NAME = "$(TARGET_NAME)";
				SWIFT_VERSION = 4.2;
				TARGETED_DEVICE_FAMILY = "1,2";
			};
			name = Debug;
		};
		30E4EA2E221F71EC00E50292 /* Release */ = {
			isa = XCBuildConfiguration;
			buildSettings = {
				ASSETCATALOG_COMPILER_APPICON_NAME = AppIcon;
				CODE_SIGN_STYLE = Automatic;
				DEVELOPMENT_TEAM = 2BULHRS882;
				INFOPLIST_FILE = MAPDTest/Info.plist;
				LD_RUNPATH_SEARCH_PATHS = (
					"$(inherited)",
					"@executable_path/Frameworks",
				);
				PRODUCT_BUNDLE_IDENTIFIER = CentennialCollege.MAPDTest;
				PRODUCT_NAME = "$(TARGET_NAME)";
				SWIFT_VERSION = 4.2;
				TARGETED_DEVICE_FAMILY = "1,2";
			};
			name = Release;
		};
		30E4EA30221F71EC00E50292 /* Debug */ = {
			isa = XCBuildConfiguration;
			buildSettings = {
				ALWAYS_EMBED_SWIFT_STANDARD_LIBRARIES = YES;
				BUNDLE_LOADER = "$(TEST_HOST)";
				CODE_SIGN_STYLE = Automatic;
				DEVELOPMENT_TEAM = 2BULHRS882;
				INFOPLIST_FILE = MAPDTestTests/Info.plist;
				LD_RUNPATH_SEARCH_PATHS = (
					"$(inherited)",
					"@executable_path/Frameworks",
					"@loader_path/Frameworks",
				);
				PRODUCT_BUNDLE_IDENTIFIER = CentennialCollege.MAPDTestTests;
				PRODUCT_NAME = "$(TARGET_NAME)";
				SWIFT_VERSION = 4.2;
				TARGETED_DEVICE_FAMILY = "1,2";
				TEST_HOST = "$(BUILT_PRODUCTS_DIR)/MAPDTest.app/MAPDTest";
			};
			name = Debug;
		};
		30E4EA31221F71EC00E50292 /* Release */ = {
			isa = XCBuildConfiguration;
			buildSettings = {
				ALWAYS_EMBED_SWIFT_STANDARD_LIBRARIES = YES;
				BUNDLE_LOADER = "$(TEST_HOST)";
				CODE_SIGN_STYLE = Automatic;
				DEVELOPMENT_TEAM = 2BULHRS882;
				INFOPLIST_FILE = MAPDTestTests/Info.plist;
				LD_RUNPATH_SEARCH_PATHS = (
					"$(inherited)",
					"@executable_path/Frameworks",
					"@loader_path/Frameworks",
				);
				PRODUCT_BUNDLE_IDENTIFIER = CentennialCollege.MAPDTestTests;
				PRODUCT_NAME = "$(TARGET_NAME)";
				SWIFT_VERSION = 4.2;
				TARGETED_DEVICE_FAMILY = "1,2";
				TEST_HOST = "$(BUILT_PRODUCTS_DIR)/MAPDTest.app/MAPDTest";
			};
			name = Release;
		};
		30E4EA33221F71EC00E50292 /* Debug */ = {
			isa = XCBuildConfiguration;
			buildSettings = {
				ALWAYS_EMBED_SWIFT_STANDARD_LIBRARIES = YES;
				CODE_SIGN_STYLE = Automatic;
				DEVELOPMENT_TEAM = 2BULHRS882;
				INFOPLIST_FILE = MAPDTestUITests/Info.plist;
				LD_RUNPATH_SEARCH_PATHS = (
					"$(inherited)",
					"@executable_path/Frameworks",
					"@loader_path/Frameworks",
				);
				PRODUCT_BUNDLE_IDENTIFIER = CentennialCollege.MAPDTestUITests;
				PRODUCT_NAME = "$(TARGET_NAME)";
				SWIFT_VERSION = 4.2;
				TARGETED_DEVICE_FAMILY = "1,2";
				TEST_TARGET_NAME = MAPDTest;
			};
			name = Debug;
		};
		30E4EA34221F71EC00E50292 /* Release */ = {
			isa = XCBuildConfiguration;
			buildSettings = {
				ALWAYS_EMBED_SWIFT_STANDARD_LIBRARIES = YES;
				CODE_SIGN_STYLE = Automatic;
				DEVELOPMENT_TEAM = 2BULHRS882;
				INFOPLIST_FILE = MAPDTestUITests/Info.plist;
				LD_RUNPATH_SEARCH_PATHS = (
					"$(inherited)",
					"@executable_path/Frameworks",
					"@loader_path/Frameworks",
				);
				PRODUCT_BUNDLE_IDENTIFIER = CentennialCollege.MAPDTestUITests;
				PRODUCT_NAME = "$(TARGET_NAME)";
				SWIFT_VERSION = 4.2;
				TARGETED_DEVICE_FAMILY = "1,2";
				TEST_TARGET_NAME = MAPDTest;
			};
			name = Release;
		};
/* End XCBuildConfiguration section */

/* Begin XCConfigurationList section */
		30E4E9F9221F71EA00E50292 /* Build configuration list for PBXProject "MAPDTest" */ = {
			isa = XCConfigurationList;
			buildConfigurations = (
				30E4EA2A221F71EC00E50292 /* Debug */,
				30E4EA2B221F71EC00E50292 /* Release */,
			);
			defaultConfigurationIsVisible = 0;
			defaultConfigurationName = Release;
		};
		30E4EA2C221F71EC00E50292 /* Build configuration list for PBXNativeTarget "MAPDTest" */ = {
			isa = XCConfigurationList;
			buildConfigurations = (
				30E4EA2D221F71EC00E50292 /* Debug */,
				30E4EA2E221F71EC00E50292 /* Release */,
			);
			defaultConfigurationIsVisible = 0;
			defaultConfigurationName = Release;
		};
		30E4EA2F221F71EC00E50292 /* Build configuration list for PBXNativeTarget "MAPDTestTests" */ = {
			isa = XCConfigurationList;
			buildConfigurations = (
				30E4EA30221F71EC00E50292 /* Debug */,
				30E4EA31221F71EC00E50292 /* Release */,
			);
			defaultConfigurationIsVisible = 0;
			defaultConfigurationName = Release;
		};
		30E4EA32221F71EC00E50292 /* Build configuration list for PBXNativeTarget "MAPDTestUITests" */ = {
			isa = XCConfigurationList;
			buildConfigurations = (
				30E4EA33221F71EC00E50292 /* Debug */,
				30E4EA34221F71EC00E50292 /* Release */,
			);
			defaultConfigurationIsVisible = 0;
			defaultConfigurationName = Release;
		};
/* End XCConfigurationList section */
	};
	rootObject = 30E4E9F6221F71EA00E50292 /* Project object */;
}
